
Microsoft Visual Studio Solution File, Format Version 12.00
# Visual Studio Version 17
VisualStudioVersion = 17.13.35806.99 d17.13
MinimumVisualStudioVersion = 10.0.40219.1
Project("{FAE04EC0-301F-11D3-BF4B-00C04F79EFBC}") = "PostponedJobs", "PostponedJobs.csproj", "{9F663B97-1119-4B37-8322-833B7BE68FA9}"
EndProject
Project("{FAE04EC0-301F-11D3-BF4B-00C04F79EFBC}") = "ÇalıştırmaMotoru", "..\ÇalıştırmaMotoru\ÇalıştırmaMotoru.csproj", "{63A0EB7D-D050-412A-846A-22E71C0AD273}"
EndProject
Global
	GlobalSection(SolutionConfigurationPlatforms) = preSolution
		Debug|Any CPU = Debug|Any CPU
		Release|Any CPU = Release|Any CPU
	EndGlobalSection
	GlobalSection(ProjectConfigurationPlatforms) = postSolution
		{9F663B97-1119-4B37-8322-833B7BE68FA9}.Debug|Any CPU.ActiveCfg = Debug|Any CPU
		{9F663B97-1119-4B37-8322-833B7BE68FA9}.Debug|Any CPU.Build.0 = Debug|Any CPU
		{9F663B97-1119-4B37-8322-833B7BE68FA9}.Release|Any CPU.ActiveCfg = Release|Any CPU
		{9F663B97-1119-4B37-8322-833B7BE68FA9}.Release|Any CPU.Build.0 = Release|Any CPU
		{63A0EB7D-D050-412A-846A-22E71C0AD273}.Debug|Any CPU.ActiveCfg = Debug|Any CPU
		{63A0EB7D-D050-412A-846A-22E71C0AD273}.Debug|Any CPU.Build.0 = Debug|Any CPU
		{63A0EB7D-D050-412A-846A-22E71C0AD273}.Release|Any CPU.ActiveCfg = Release|Any CPU
		{63A0EB7D-D050-412A-846A-22E71C0AD273}.Release|Any CPU.Build.0 = Release|Any CPU
	EndGlobalSection
	GlobalSection(SolutionProperties) = preSolution
		HideSolutionNode = FALSE
	EndGlobalSection
	GlobalSection(ExtensibilityGlobals) = postSolution
		SolutionGuid = {95D77462-FAE8-4E20-8E8C-F8DDBDF37DC0}
	EndGlobalSection
EndGlobal
